<?xml version="1.0" encoding="utf-8"?>
<Project ToolsVersion="4.0" xmlns="http://schemas.microsoft.com/developer/msbuild/2003">
  <ItemGroup>
    <Filter Include="源文件">
      <UniqueIdentifier>{4FC737F1-C7A5-4376-A066-2A32D752A2FF}</UniqueIdentifier>
      <Extensions>cpp;c;cc;cxx;def;odl;idl;hpj;bat;asm;asmx</Extensions>
    </Filter>
    <Filter Include="头文件">
      <UniqueIdentifier>{93995380-89BD-4b04-88EB-625FBE52EBFB}</UniqueIdentifier>
      <Extensions>h;hpp;hxx;hm;inl;inc;xsd</Extensions>
    </Filter>
    <Filter Include="资源文件">
      <UniqueIdentifier>{67DA6AB6-F800-4c08-8B7A-83BB121AAD01}</UniqueIdentifier>
      <Extensions>rc;ico;cur;bmp;dlg;rc2;rct;bin;rgs;gif;jpg;jpeg;jpe;resx;tiff;tif;png;wav;mfcribbon-ms</Extensions>
    </Filter>
  </ItemGroup>
  <ItemGroup>
    <ClInclude Include="ACStructs.h">
      <Filter>头文件</Filter>
    </ClInclude>
    <ClInclude Include="CropAreas.h">
      <Filter>头文件</Filter>
    </ClInclude>
    <ClInclude Include="DetectAnchorPoint.h">
      <Filter>头文件</Filter>
    </ClInclude>
    <ClInclude Include="DetectAnswer.h">
      <Filter>头文件</Filter>
    </ClInclude>
    <ClInclude Include="DetectBar.h">
      <Filter>头文件</Filter>
    </ClInclude>
    <ClInclude Include="DetectFillingPoint.h">
      <Filter>头文件</Filter>
    </ClInclude>
    <ClInclude Include="DetectMarkers.h">
      <Filter>头文件</Filter>
    </ClInclude>
    <ClInclude Include="MarkAC.h">
      <Filter>头文件</Filter>
    </ClInclude>
    <ClInclude Include="MarkersBoundaryTable.h">
      <Filter>头文件</Filter>
    </ClInclude>
    <ClInclude Include="stdafx.h">
      <Filter>头文件</Filter>
    </ClInclude>
    <ClInclude Include="targetver.h">
      <Filter>头文件</Filter>
    </ClInclude>
    <ClInclude Include="CommonStruct.h">
      <Filter>头文件</Filter>
    </ClInclude>
    <ClInclude Include="DetectPerAC.h">
      <Filter>头文件</Filter>
    </ClInclude>
    <ClInclude Include="TranStruct.h">
      <Filter>头文件</Filter>
    </ClInclude>
    <ClInclude Include="AnswerCardProcessing.h">
      <Filter>头文件</Filter>
    </ClInclude>
    <ClInclude Include="DetectRefPoint.h">
      <Filter>头文件</Filter>
    </ClInclude>
  </ItemGroup>
  <ItemGroup>
    <ClCompile Include="AnswerCardProcessing.cpp">
      <Filter>源文件</Filter>
    </ClCompile>
    <ClCompile Include="CropAreas.cpp">
      <Filter>源文件</Filter>
    </ClCompile>
    <ClCompile Include="DetectAnchorPoint.cpp">
      <Filter>源文件</Filter>
    </ClCompile>
    <ClCompile Include="DetectAnswer.cpp">
      <Filter>源文件</Filter>
    </ClCompile>
    <ClCompile Include="DetectBar.cpp">
      <Filter>源文件</Filter>
    </ClCompile>
    <ClCompile Include="DetectFillingPoint.cpp">
      <Filter>源文件</Filter>
    </ClCompile>
    <ClCompile Include="DetectMarkers.cpp">
      <Filter>源文件</Filter>
    </ClCompile>
    <ClCompile Include="dllmain.cpp">
      <Filter>源文件</Filter>
    </ClCompile>
    <ClCompile Include="MarkAC.cpp">
      <Filter>源文件</Filter>
    </ClCompile>
    <ClCompile Include="MarkersBoundaryTable.cpp">
      <Filter>源文件</Filter>
    </ClCompile>
    <ClCompile Include="stdafx.cpp">
      <Filter>源文件</Filter>
    </ClCompile>
    <ClCompile Include="Taoka.cpp">
      <Filter>源文件</Filter>
    </ClCompile>
    <ClCompile Include="DetectPerAC.cpp">
      <Filter>源文件</Filter>
    </ClCompile>
    <ClCompile Include="TranStruct.cpp">
      <Filter>源文件</Filter>
    </ClCompile>
    <ClCompile Include="DetectRefPoint.cpp">
      <Filter>源文件</Filter>
    </ClCompile>
  </ItemGroup>
  <ItemGroup>
    <None Include="Taoka.def">
      <Filter>源文件</Filter>
    </None>
  </ItemGroup>
</Project>