<?xml version="1.0" encoding="utf-8"?>
<Project ToolsVersion="4.0" xmlns="http://schemas.microsoft.com/developer/msbuild/2003">
  <ItemGroup>
    <Filter Include="Form Files">
      <UniqueIdentifier>{99349809-55BA-4b9d-BF79-8FDBB0286EB3}</UniqueIdentifier>
      <Extensions>ui</Extensions>
      <ParseFiles>false</ParseFiles>
    </Filter>
    <Filter Include="Form Files">
      <UniqueIdentifier>{99349809-55BA-4b9d-BF79-8FDBB0286EB3}</UniqueIdentifier>
      <Extensions>ui</Extensions>
      <ParseFiles>false</ParseFiles>
    </Filter>
    <Filter Include="Generated Files">
      <UniqueIdentifier>{71ED8ED8-ACB9-4CE9-BBE1-E00B30144E11}</UniqueIdentifier>
      <Extensions>cpp;c;cxx;moc;h;def;odl;idl;res;</Extensions>
    </Filter>
    <Filter Include="Generated Files">
      <UniqueIdentifier>{71ED8ED8-ACB9-4CE9-BBE1-E00B30144E11}</UniqueIdentifier>
      <Extensions>cpp;c;cxx;moc;h;def;odl;idl;res;</Extensions>
    </Filter>
    <Filter Include="Header Files">
      <UniqueIdentifier>{93995380-89BD-4b04-88EB-625FBE52EBFB}</UniqueIdentifier>
      <Extensions>h;hpp;hxx;hm;inl;inc;xsd</Extensions>
    </Filter>
    <Filter Include="Header Files">
      <UniqueIdentifier>{93995380-89BD-4b04-88EB-625FBE52EBFB}</UniqueIdentifier>
      <Extensions>h;hpp;hxx;hm;inl;inc;xsd</Extensions>
    </Filter>
    <Filter Include="Source Files">
      <UniqueIdentifier>{4FC737F1-C7A5-4376-A066-2A32D752A2FF}</UniqueIdentifier>
      <Extensions>cpp;c;cxx;def;odl;idl;hpj;bat;asm;asmx</Extensions>
    </Filter>
    <Filter Include="Source Files">
      <UniqueIdentifier>{4FC737F1-C7A5-4376-A066-2A32D752A2FF}</UniqueIdentifier>
      <Extensions>cpp;c;cxx;def;odl;idl;hpj;bat;asm;asmx</Extensions>
    </Filter>
    <Filter Include="Generated Files\Debug">
      <UniqueIdentifier>{fbef8f39-569a-4368-82bb-7c71fb6474ea}</UniqueIdentifier>
      <Extensions>cpp;moc</Extensions>
      <SourceControlFiles>False</SourceControlFiles>
    </Filter>
    <Filter Include="Generated Files\Release">
      <UniqueIdentifier>{5f1ca5b1-37ca-4926-ac6e-de5569cf619f}</UniqueIdentifier>
      <Extensions>cpp;moc</Extensions>
      <SourceControlFiles>False</SourceControlFiles>
    </Filter>
    <Filter Include="Header Files\logic">
      <UniqueIdentifier>{f88bdd10-8a35-4417-bc6c-a97449b9622c}</UniqueIdentifier>
    </Filter>
    <Filter Include="Source Files\logic">
      <UniqueIdentifier>{2224a13d-f5b4-4e23-9ac9-861098fbb554}</UniqueIdentifier>
    </Filter>
  </ItemGroup>
  <ItemGroup>
    <ClCompile Include="main.cpp">
      <Filter>Source Files</Filter>
    </ClCompile>
    <ClCompile Include="mainwindow.cpp">
      <Filter>Source Files</Filter>
    </ClCompile>
    <ClCompile Include="showdocument.cpp">
      <Filter>Source Files</Filter>
    </ClCompile>
    <ClCompile Include="Debug\moc_showdocument.cpp">
      <Filter>Generated Files\Debug</Filter>
    </ClCompile>
    <ClCompile Include="Release\moc_showdocument.cpp">
      <Filter>Generated Files\Release</Filter>
    </ClCompile>
    <ClCompile Include="logic\Controller.cpp">
      <Filter>Source Files\logic</Filter>
    </ClCompile>
    <ClCompile Include="logic\FileObj.cpp">
      <Filter>Source Files\logic</Filter>
    </ClCompile>
    <ClCompile Include="logic\Tools.cpp">
      <Filter>Source Files\logic</Filter>
    </ClCompile>
    <ClCompile Include="logic\XmlReader.cpp">
      <Filter>Source Files\logic</Filter>
    </ClCompile>
    <ClCompile Include="logic\StringCompare.cpp">
      <Filter>Source Files\logic</Filter>
    </ClCompile>
    <ClCompile Include="logic\Hash.cpp">
      <Filter>Source Files\logic</Filter>
    </ClCompile>
    <ClCompile Include="logic\rkr_gst_match.cpp">
      <Filter>Source Files\logic</Filter>
    </ClCompile>
    <ClCompile Include="Debug\moc_mainwindow.cpp">
      <Filter>Generated Files\Debug</Filter>
    </ClCompile>
    <ClCompile Include="Release\moc_mainwindow.cpp">
      <Filter>Generated Files\Release</Filter>
    </ClCompile>
  </ItemGroup>
  <ItemGroup>
    <CustomBuild Include="mainwindow.h">
      <Filter>Header Files</Filter>
    </CustomBuild>
    <CustomBuild Include="showdocument.h">
      <Filter>Header Files</Filter>
    </CustomBuild>
  </ItemGroup>
  <ItemGroup>
    <CustomBuild Include="mainwindow.ui">
      <Filter>Form Files</Filter>
    </CustomBuild>
    <CustomBuild Include="showdocument.ui">
      <Filter>Form Files</Filter>
    </CustomBuild>
  </ItemGroup>
  <ItemGroup>
    <ClInclude Include="GeneratedFiles\ui_mainwindow.h">
      <Filter>Generated Files</Filter>
    </ClInclude>
    <ClInclude Include="GeneratedFiles\ui_showdocument.h">
      <Filter>Generated Files</Filter>
    </ClInclude>
    <ClInclude Include="logic\Controller.h">
      <Filter>Header Files\logic</Filter>
    </ClInclude>
    <ClInclude Include="logic\FileObj.h">
      <Filter>Header Files\logic</Filter>
    </ClInclude>
    <ClInclude Include="logic\StudentObj.h">
      <Filter>Header Files\logic</Filter>
    </ClInclude>
    <ClInclude Include="logic\Tools.h">
      <Filter>Header Files\logic</Filter>
    </ClInclude>
    <ClInclude Include="logic\XmlReader.h">
      <Filter>Header Files\logic</Filter>
    </ClInclude>
    <ClInclude Include="logic\studentMap.h">
      <Filter>Header Files\logic</Filter>
    </ClInclude>
    <ClInclude Include="logic\match.h">
      <Filter>Header Files\logic</Filter>
    </ClInclude>
    <ClInclude Include="logic\StringCompare.h">
      <Filter>Header Files\logic</Filter>
    </ClInclude>
    <ClInclude Include="logic\Hash.h">
      <Filter>Header Files\logic</Filter>
    </ClInclude>
    <ClInclude Include="logic\rkr_gst_match.h">
      <Filter>Header Files\logic</Filter>
    </ClInclude>
  </ItemGroup>
</Project>